// !$*UTF8*$!
{
	archiveVersion = 1;
	classes = {
	};
	objectVersion = 46;
	objects = {

/* Begin PBXBuildFile section */
		C946E3671AC5A60F00551F93 /* main.m in Sources */ = {isa = PBXBuildFile; fileRef = C946E3661AC5A60F00551F93 /* main.m */; };
		C946E36A1AC5A60F00551F93 /* MOAspectsAppDelegate.m in Sources */ = {isa = PBXBuildFile; fileRef = C946E3691AC5A60F00551F93 /* MOAspectsAppDelegate.m */; };
		C946E36D1AC5A60F00551F93 /* MOAspectsViewController.m in Sources */ = {isa = PBXBuildFile; fileRef = C946E36C1AC5A60F00551F93 /* MOAspectsViewController.m */; };
		C946E3721AC5A60F00551F93 /* Images.xcassets in Resources */ = {isa = PBXBuildFile; fileRef = C946E3711AC5A60F00551F93 /* Images.xcassets */; };
		C946E3751AC5A60F00551F93 /* LaunchScreen.xib in Resources */ = {isa = PBXBuildFile; fileRef = C946E3731AC5A60F00551F93 /* LaunchScreen.xib */; };
		C946E3811AC5A60F00551F93 /* MOAspectsDemoTests.m in Sources */ = {isa = PBXBuildFile; fileRef = C946E3801AC5A60F00551F93 /* MOAspectsDemoTests.m */; };
		C946E3931AC5B58700551F93 /* MOARuntime.m in Sources */ = {isa = PBXBuildFile; fileRef = C946E38C1AC5B58700551F93 /* MOARuntime.m */; };
		C946E3941AC5B58700551F93 /* MOAspects.m in Sources */ = {isa = PBXBuildFile; fileRef = C946E38E1AC5B58700551F93 /* MOAspects.m */; };
		C946E3951AC5B58700551F93 /* MOAspectsStore.m in Sources */ = {isa = PBXBuildFile; fileRef = C946E3901AC5B58700551F93 /* MOAspectsStore.m */; };
		C946E3961AC5B58700551F93 /* MOAspectsTarget.m in Sources */ = {isa = PBXBuildFile; fileRef = C946E3921AC5B58700551F93 /* MOAspectsTarget.m */; };
/* End PBXBuildFile section */

/* Begin PBXContainerItemProxy section */
		C946E37B1AC5A60F00551F93 /* PBXContainerItemProxy */ = {
			isa = PBXContainerItemProxy;
			containerPortal = C946E3591AC5A60F00551F93 /* Project object */;
			proxyType = 1;
			remoteGlobalIDString = C946E3601AC5A60F00551F93;
			remoteInfo = MOAspectsDemo;
		};
/* End PBXContainerItemProxy section */

/* Begin PBXFileReference section */
		C946E3611AC5A60F00551F93 /* MOAspectsDemo.app */ = {isa = PBXFileReference; explicitFileType = wrapper.application; includeInIndex = 0; path = MOAspectsDemo.app; sourceTree = BUILT_PRODUCTS_DIR; };
		C946E3651AC5A60F00551F93 /* Info.plist */ = {isa = PBXFileReference; lastKnownFileType = text.plist.xml; path = Info.plist; sourceTree = "<group>"; };
		C946E3661AC5A60F00551F93 /* main.m */ = {isa = PBXFileReference; lastKnownFileType = sourcecode.c.objc; path = main.m; sourceTree = "<group>"; };
		C946E3681AC5A60F00551F93 /* MOAspectsAppDelegate.h */ = {isa = PBXFileReference; lastKnownFileType = sourcecode.c.h; path = MOAspectsAppDelegate.h; sourceTree = "<group>"; };
		C946E3691AC5A60F00551F93 /* MOAspectsAppDelegate.m */ = {isa = PBXFileReference; lastKnownFileType = sourcecode.c.objc; path = MOAspectsAppDelegate.m; sourceTree = "<group>"; };
		C946E36B1AC5A60F00551F93 /* MOAspectsViewController.h */ = {isa = PBXFileReference; lastKnownFileType = sourcecode.c.h; path = MOAspectsViewController.h; sourceTree = "<group>"; };
		C946E36C1AC5A60F00551F93 /* MOAspectsViewController.m */ = {isa = PBXFileReference; lastKnownFileType = sourcecode.c.objc; path = MOAspectsViewController.m; sourceTree = "<group>"; };
		C946E3711AC5A60F00551F93 /* Images.xcassets */ = {isa = PBXFileReference; lastKnownFileType = folder.assetcatalog; path = Images.xcassets; sourceTree = "<group>"; };
		C946E3741AC5A60F00551F93 /* Base */ = {isa = PBXFileReference; lastKnownFileType = file.xib; name = Base; path = Base.lproj/LaunchScreen.xib; sourceTree = "<group>"; };
		C946E37A1AC5A60F00551F93 /* MOAspectsDemoTests.xctest */ = {isa = PBXFileReference; explicitFileType = wrapper.cfbundle; includeInIndex = 0; path = MOAspectsDemoTests.xctest; sourceTree = BUILT_PRODUCTS_DIR; };
		C946E37F1AC5A60F00551F93 /* Info.plist */ = {isa = PBXFileReference; lastKnownFileType = text.plist.xml; path = Info.plist; sourceTree = "<group>"; };
		C946E3801AC5A60F00551F93 /* MOAspectsDemoTests.m */ = {isa = PBXFileReference; lastKnownFileType = sourcecode.c.objc; path = MOAspectsDemoTests.m; sourceTree = "<group>"; };
		C946E38B1AC5B58700551F93 /* MOARuntime.h */ = {isa = PBXFileReference; fileEncoding = 4; lastKnownFileType = sourcecode.c.h; path = MOARuntime.h; sourceTree = "<group>"; };
		C946E38C1AC5B58700551F93 /* MOARuntime.m */ = {isa = PBXFileReference; fileEncoding = 4; lastKnownFileType = sourcecode.c.objc; path = MOARuntime.m; sourceTree = "<group>"; };
		C946E38D1AC5B58700551F93 /* MOAspects.h */ = {isa = PBXFileReference; fileEncoding = 4; lastKnownFileType = sourcecode.c.h; path = MOAspects.h; sourceTree = "<group>"; };
		C946E38E1AC5B58700551F93 /* MOAspects.m */ = {isa = PBXFileReference; fileEncoding = 4; lastKnownFileType = sourcecode.c.objc; path = MOAspects.m; sourceTree = "<group>"; };
		C946E38F1AC5B58700551F93 /* MOAspectsStore.h */ = {isa = PBXFileReference; fileEncoding = 4; lastKnownFileType = sourcecode.c.h; path = MOAspectsStore.h; sourceTree = "<group>"; };
		C946E3901AC5B58700551F93 /* MOAspectsStore.m */ = {isa = PBXFileReference; fileEncoding = 4; lastKnownFileType = sourcecode.c.objc; path = MOAspectsStore.m; sourceTree = "<group>"; };
		C946E3911AC5B58700551F93 /* MOAspectsTarget.h */ = {isa = PBXFileReference; fileEncoding = 4; lastKnownFileType = sourcecode.c.h; path = MOAspectsTarget.h; sourceTree = "<group>"; };
		C946E3921AC5B58700551F93 /* MOAspectsTarget.m */ = {isa = PBXFileReference; fileEncoding = 4; lastKnownFileType = sourcecode.c.objc; path = MOAspectsTarget.m; sourceTree = "<group>"; };
/* End PBXFileReference section */

/* Begin PBXFrameworksBuildPhase section */
		C946E35E1AC5A60F00551F93 /* Frameworks */ = {
			isa = PBXFrameworksBuildPhase;
			buildActionMask = 2147483647;
			files = (
			);
			runOnlyForDeploymentPostprocessing = 0;
		};
		C946E3771AC5A60F00551F93 /* Frameworks */ = {
			isa = PBXFrameworksBuildPhase;
			buildActionMask = 2147483647;
			files = (
			);
			runOnlyForDeploymentPostprocessing = 0;
		};
/* End PBXFrameworksBuildPhase section */

/* Begin PBXGroup section */
		C946E3581AC5A60F00551F93 = {
			isa = PBXGroup;
			children = (
				C946E38A1AC5B58700551F93 /* MOAspects */,
				C946E3631AC5A60F00551F93 /* MOAspectsDemo */,
				C946E37D1AC5A60F00551F93 /* MOAspectsDemoTests */,
				C946E3621AC5A60F00551F93 /* Products */,
			);
			sourceTree = "<group>";
		};
		C946E3621AC5A60F00551F93 /* Products */ = {
			isa = PBXGroup;
			children = (
				C946E3611AC5A60F00551F93 /* MOAspectsDemo.app */,
				C946E37A1AC5A60F00551F93 /* MOAspectsDemoTests.xctest */,
			);
			name = Products;
			sourceTree = "<group>";
		};
		C946E3631AC5A60F00551F93 /* MOAspectsDemo */ = {
			isa = PBXGroup;
			children = (
				C946E3681AC5A60F00551F93 /* MOAspectsAppDelegate.h */,
				C946E3691AC5A60F00551F93 /* MOAspectsAppDelegate.m */,
				C946E36B1AC5A60F00551F93 /* MOAspectsViewController.h */,
				C946E36C1AC5A60F00551F93 /* MOAspectsViewController.m */,
				C946E3711AC5A60F00551F93 /* Images.xcassets */,
				C946E3731AC5A60F00551F93 /* LaunchScreen.xib */,
				C946E3641AC5A60F00551F93 /* Supporting Files */,
			);
			path = MOAspectsDemo;
			sourceTree = "<group>";
		};
		C946E3641AC5A60F00551F93 /* Supporting Files */ = {
			isa = PBXGroup;
			children = (
				C946E3651AC5A60F00551F93 /* Info.plist */,
				C946E3661AC5A60F00551F93 /* main.m */,
			);
			name = "Supporting Files";
			sourceTree = "<group>";
		};
		C946E37D1AC5A60F00551F93 /* MOAspectsDemoTests */ = {
			isa = PBXGroup;
			children = (
				C946E3801AC5A60F00551F93 /* MOAspectsDemoTests.m */,
				C946E37E1AC5A60F00551F93 /* Supporting Files */,
			);
			path = MOAspectsDemoTests;
			sourceTree = "<group>";
		};
		C946E37E1AC5A60F00551F93 /* Supporting Files */ = {
			isa = PBXGroup;
			children = (
				C946E37F1AC5A60F00551F93 /* Info.plist */,
			);
			name = "Supporting Files";
			sourceTree = "<group>";
		};
		C946E38A1AC5B58700551F93 /* MOAspects */ = {
			isa = PBXGroup;
			children = (
				C946E38B1AC5B58700551F93 /* MOARuntime.h */,
				C946E38C1AC5B58700551F93 /* MOARuntime.m */,
				C946E38D1AC5B58700551F93 /* MOAspects.h */,
				C946E38E1AC5B58700551F93 /* MOAspects.m */,
				C946E38F1AC5B58700551F93 /* MOAspectsStore.h */,
				C946E3901AC5B58700551F93 /* MOAspectsStore.m */,
				C946E3911AC5B58700551F93 /* MOAspectsTarget.h */,
				C946E3921AC5B58700551F93 /* MOAspectsTarget.m */,
			);
			name = MOAspects;
			path = ../MOAspects;
			sourceTree = "<group>";
		};
/* End PBXGroup section */

/* Begin PBXNativeTarget section */
		C946E3601AC5A60F00551F93 /* MOAspectsDemo */ = {
			isa = PBXNativeTarget;
			buildConfigurationList = C946E3841AC5A60F00551F93 /* Build configuration list for PBXNativeTarget "MOAspectsDemo" */;
			buildPhases = (
				C946E35D1AC5A60F00551F93 /* Sources */,
				C946E35E1AC5A60F00551F93 /* Frameworks */,
				C946E35F1AC5A60F00551F93 /* Resources */,
			);
			buildRules = (
			);
			dependencies = (
			);
			name = MOAspectsDemo;
			productName = MOAspectsDemo;
			productReference = C946E3611AC5A60F00551F93 /* MOAspectsDemo.app */;
			productType = "com.apple.product-type.application";
		};
		C946E3791AC5A60F00551F93 /* MOAspectsDemoTests */ = {
			isa = PBXNativeTarget;
			buildConfigurationList = C946E3871AC5A60F00551F93 /* Build configuration list for PBXNativeTarget "MOAspectsDemoTests" */;
			buildPhases = (
				C946E3761AC5A60F00551F93 /* Sources */,
				C946E3771AC5A60F00551F93 /* Frameworks */,
				C946E3781AC5A60F00551F93 /* Resources */,
			);
			buildRules = (
			);
			dependencies = (
				C946E37C1AC5A60F00551F93 /* PBXTargetDependency */,
			);
			name = MOAspectsDemoTests;
			productName = MOAspectsDemoTests;
			productReference = C946E37A1AC5A60F00551F93 /* MOAspectsDemoTests.xctest */;
			productType = "com.apple.product-type.bundle.unit-test";
		};
/* End PBXNativeTarget section */

/* Begin PBXProject section */
		C946E3591AC5A60F00551F93 /* Project object */ = {
			isa = PBXProject;
			attributes = {
				LastUpgradeCheck = 0610;
				ORGANIZATIONNAME = MOAI;
				TargetAttributes = {
					C946E3601AC5A60F00551F93 = {
						CreatedOnToolsVersion = 6.1;
					};
					C946E3791AC5A60F00551F93 = {
						CreatedOnToolsVersion = 6.1;
						TestTargetID = C946E3601AC5A60F00551F93;
					};
				};
			};
			buildConfigurationList = C946E35C1AC5A60F00551F93 /* Build configuration list for PBXProject "MOAspectsDemo" */;
			compatibilityVersion = "Xcode 3.2";
			developmentRegion = English;
			hasScannedForEncodings = 0;
			knownRegions = (
				en,
				Base,
			);
			mainGroup = C946E3581AC5A60F00551F93;
			productRefGroup = C946E3621AC5A60F00551F93 /* Products */;
			projectDirPath = "";
			projectRoot = "";
			targets = (
				C946E3601AC5A60F00551F93 /* MOAspectsDemo */,
				C946E3791AC5A60F00551F93 /* MOAspectsDemoTests */,
			);
		};
/* End PBXProject section */

/* Begin PBXResourcesBuildPhase section */
		C946E35F1AC5A60F00551F93 /* Resources */ = {
			isa = PBXResourcesBuildPhase;
			buildActionMask = 2147483647;
			files = (
				C946E3751AC5A60F00551F93 /* LaunchScreen.xib in Resources */,
				C946E3721AC5A60F00551F93 /* Images.xcassets in Resources */,
			);
			runOnlyForDeploymentPostprocessing = 0;
		};
		C946E3781AC5A60F00551F93 /* Resources */ = {
			isa = PBXResourcesBuildPhase;
			buildActionMask = 2147483647;
			files = (
			);
			runOnlyForDeploymentPostprocessing = 0;
		};
/* End PBXResourcesBuildPhase section */

/* Begin PBXSourcesBuildPhase section */
		C946E35D1AC5A60F00551F93 /* Sources */ = {
			isa = PBXSourcesBuildPhase;
			buildActionMask = 2147483647;
			files = (
				C946E3931AC5B58700551F93 /* MOARuntime.m in Sources */,
				C946E36D1AC5A60F00551F93 /* MOAspectsViewController.m in Sources */,
				C946E3941AC5B58700551F93 /* MOAspects.m in Sources */,
				C946E36A1AC5A60F00551F93 /* MOAspectsAppDelegate.m in Sources */,
				C946E3671AC5A60F00551F93 /* main.m in Sources */,
				C946E3961AC5B58700551F93 /* MOAspectsTarget.m in Sources */,
				C946E3951AC5B58700551F93 /* MOAspectsStore.m in Sources */,
			);
			runOnlyForDeploymentPostprocessing = 0;
		};
		C946E3761AC5A60F00551F93 /* Sources */ = {
			isa = PBXSourcesBuildPhase;
			buildActionMask = 2147483647;
			files = (
				C946E3811AC5A60F00551F93 /* MOAspectsDemoTests.m in Sources */,
			);
			runOnlyForDeploymentPostprocessing = 0;
		};
/* End PBXSourcesBuildPhase section */

/* Begin PBXTargetDependency section */
		C946E37C1AC5A60F00551F93 /* PBXTargetDependency */ = {
			isa = PBXTargetDependency;
			target = C946E3601AC5A60F00551F93 /* MOAspectsDemo */;
			targetProxy = C946E37B1AC5A60F00551F93 /* PBXContainerItemProxy */;
		};
/* End PBXTargetDependency section */

/* Begin PBXVariantGroup section */
		C946E3731AC5A60F00551F93 /* LaunchScreen.xib */ = {
			isa = PBXVariantGroup;
			children = (
				C946E3741AC5A60F00551F93 /* Base */,
			);
			name = LaunchScreen.xib;
			sourceTree = "<group>";
		};
/* End PBXVariantGroup section */

/* Begin XCBuildConfiguration section */
		C946E3821AC5A60F00551F93 /* Debug */ = {
			isa = XCBuildConfiguration;
			buildSettings = {
				ALWAYS_SEARCH_USER_PATHS = NO;
				CLANG_CXX_LANGUAGE_STANDARD = "gnu++0x";
				CLANG_CXX_LIBRARY = "libc++";
				CLANG_ENABLE_MODULES = YES;
				CLANG_ENABLE_OBJC_ARC = YES;
				CLANG_WARN_BOOL_CONVERSION = YES;
				CLANG_WARN_CONSTANT_CONVERSION = YES;
				CLANG_WARN_DIRECT_OBJC_ISA_USAGE = YES_ERROR;
				CLANG_WARN_EMPTY_BODY = YES;
				CLANG_WARN_ENUM_CONVERSION = YES;
				CLANG_WARN_INT_CONVERSION = YES;
				CLANG_WARN_OBJC_ROOT_CLASS = YES_ERROR;
				CLANG_WARN_UNREACHABLE_CODE = YES;
				CLANG_WARN__DUPLICATE_METHOD_MATCH = YES;
				"CODE_SIGN_IDENTITY[sdk=iphoneos*]" = "iPhone Developer";
				COPY_PHASE_STRIP = NO;
				ENABLE_STRICT_OBJC_MSGSEND = YES;
				GCC_C_LANGUAGE_STANDARD = gnu99;
				GCC_DYNAMIC_NO_PIC = NO;
				GCC_OPTIMIZATION_LEVEL = 0;
				GCC_PREPROCESSOR_DEFINITIONS = (
					"DEBUG=1",
					"$(inherited)",
				);
				GCC_SYMBOLS_PRIVATE_EXTERN = NO;
				GCC_WARN_64_TO_32_BIT_CONVERSION = YES;
				GCC_WARN_ABOUT_RETURN_TYPE = YES_ERROR;
				GCC_WARN_UNDECLARED_SELECTOR = YES;
				GCC_WARN_UNINITIALIZED_AUTOS = YES_AGGRESSIVE;
				GCC_WARN_UNUSED_FUNCTION = YES;
				GCC_WARN_UNUSED_VARIABLE = YES;
				IPHONEOS_DEPLOYMENT_TARGET = 8.1;
				MTL_ENABLE_DEBUG_INFO = YES;
				ONLY_ACTIVE_ARCH = YES;
				SDKROOT = iphoneos;
			};
			name = Debug;
		};
		C946E3831AC5A60F00551F93 /* Release */ = {
			isa = XCBuildConfiguration;
			buildSettings = {
				ALWAYS_SEARCH_USER_PATHS = NO;
				CLANG_CXX_LANGUAGE_STANDARD = "gnu++0x";
				CLANG_CXX_LIBRARY = "libc++";
				CLANG_ENABLE_MODULES = YES;
				CLANG_ENABLE_OBJC_ARC = YES;
				CLANG_WARN_BOOL_CONVERSION = YES;
				CLANG_WARN_CONSTANT_CONVERSION = YES;
				CLANG_WARN_DIRECT_OBJC_ISA_USAGE = YES_ERROR;
				CLANG_WARN_EMPTY_BODY = YES;
				CLANG_WARN_ENUM_CONVERSION = YES;
				CLANG_WARN_INT_CONVERSION = YES;
				CLANG_WARN_OBJC_ROOT_CLASS = YES_ERROR;
				CLANG_WARN_UNREACHABLE_CODE = YES;
				CLANG_WARN__DUPLICATE_METHOD_MATCH = YES;
				"CODE_SIGN_IDENTITY[sdk=iphoneos*]" = "iPhone Developer";
				COPY_PHASE_STRIP = YES;
				ENABLE_NS_ASSERTIONS = NO;
				ENABLE_STRICT_OBJC_MSGSEND = YES;
				GCC_C_LANGUAGE_STANDARD = gnu99;
				GCC_WARN_64_TO_32_BIT_CONVERSION = YES;
				GCC_WARN_ABOUT_RETURN_TYPE = YES_ERROR;
				GCC_WARN_UNDECLARED_SELECTOR = YES;
				GCC_WARN_UNINITIALIZED_AUTOS = YES_AGGRESSIVE;
				GCC_WARN_UNUSED_FUNCTION = YES;
				GCC_WARN_UNUSED_VARIABLE = YES;
				IPHONEOS_DEPLOYMENT_TARGET = 8.1;
				MTL_ENABLE_DEBUG_INFO = NO;
				SDKROOT = iphoneos;
				VALIDATE_PRODUCT = YES;
			};
			name = Release;
		};
		C946E3851AC5A60F00551F93 /* Debug */ = {
			isa = XCBuildConfiguration;
			buildSettings = {
				ASSETCATALOG_COMPILER_APPICON_NAME = AppIcon;
				INFOPLIST_FILE = MOAspectsDemo/Info.plist;
				LD_RUNPATH_SEARCH_PATHS = "$(inherited) @executable_path/Frameworks";
				PRODUCT_NAME = "$(TARGET_NAME)";
			};
			name = Debug;
		};
		C946E3861AC5A60F00551F93 /* Release */ = {
			isa = XCBuildConfiguration;
			buildSettings = {
				ASSETCATALOG_COMPILER_APPICON_NAME = AppIcon;
				INFOPLIST_FILE = MOAspectsDemo/Info.plist;
				LD_RUNPATH_SEARCH_PATHS = "$(inherited) @executable_path/Frameworks";
				PRODUCT_NAME = "$(TARGET_NAME)";
			};
			name = Release;
		};
		C946E3881AC5A60F00551F93 /* Debug */ = {
			isa = XCBuildConfiguration;
			buildSettings = {
				BUNDLE_LOADER = "$(TEST_HOST)";
				FRAMEWORK_SEARCH_PATHS = (
					"$(SDKROOT)/Developer/Library/Frameworks",
					"$(inherited)",
				);
				GCC_PREPROCESSOR_DEFINITIONS = (
					"DEBUG=1",
					"$(inherited)",
				);
				INFOPLIST_FILE = MOAspectsDemoTests/Info.plist;
				LD_RUNPATH_SEARCH_PATHS = "$(inherited) @executable_path/Frameworks @loader_path/Frameworks";
				PRODUCT_NAME = "$(TARGET_NAME)";
				TEST_HOST = "$(BUILT_PRODUCTS_DIR)/MOAspectsDemo.app/MOAspectsDemo";
			};
			name = Debug;
		};
		C946E3891AC5A60F00551F93 /* Release */ = {
			isa = XCBuildConfiguration;
			buildSettings = {
				BUNDLE_LOADER = "$(TEST_HOST)";
				FRAMEWORK_SEARCH_PATHS = (
					"$(SDKROOT)/Developer/Library/Frameworks",
					"$(inherited)",
				);
				INFOPLIST_FILE = MOAspectsDemoTests/Info.plist;
				LD_RUNPATH_SEARCH_PATHS = "$(inherited) @executable_path/Frameworks @loader_path/Frameworks";
				PRODUCT_NAME = "$(TARGET_NAME)";
				TEST_HOST = "$(BUILT_PRODUCTS_DIR)/MOAspectsDemo.app/MOAspectsDemo";
			};
			name = Release;
		};
/* End XCBuildConfiguration section */

/* Begin XCConfigurationList section */
		C946E35C1AC5A60F00551F93 /* Build configuration list for PBXProject "MOAspectsDemo" */ = {
			isa = XCConfigurationList;
			buildConfigurations = (
				C946E3821AC5A60F00551F93 /* Debug */,
				C946E3831AC5A60F00551F93 /* Release */,
			);
			defaultConfigurationIsVisible = 0;
			defaultConfigurationName = Release;
		};
		C946E3841AC5A60F00551F93 /* Build configuration list for PBXNativeTarget "MOAspectsDemo" */ = {
			isa = XCConfigurationList;
			buildConfigurations = (
				C946E3851AC5A60F00551F93 /* Debug */,
				C946E3861AC5A60F00551F93 /* Release */,
			);
			defaultConfigurationIsVisible = 0;
			defaultConfigurationName = Release;
		};
		C946E3871AC5A60F00551F93 /* Build configuration list for PBXNativeTarget "MOAspectsDemoTests" */ = {
			isa = XCConfigurationList;
			buildConfigurations = (
				C946E3881AC5A60F00551F93 /* Debug */,
				C946E3891AC5A60F00551F93 /* Release */,
			);
			defaultConfigurationIsVisible = 0;
			defaultConfigurationName = Release;
		};
/* End XCConfigurationList section */
	};
	rootObject = C946E3591AC5A60F00551F93 /* Project object */;
}
